
Microsoft Visual Studio Solution File, Format Version 12.00
# Visual Studio Version 16
VisualStudioVersion = 16.0.29911.84
MinimumVisualStudioVersion = 10.0.40219.1
Project("{FAE04EC0-301F-11D3-BF4B-00C04F79EFBC}") = "SimpleNFCReaderWriter", "SimpleNFCReaderWriter\SimpleNFCReaderWriter.csproj", "{982DF7BA-DB3C-4EBE-ABDE-C7766C546E94}"
EndProject
Global
	GlobalSection(SolutionConfigurationPlatforms) = preSolution
		Debug|Any CPU = Debug|Any CPU
		Release|Any CPU = Release|Any CPU
	EndGlobalSection
	GlobalSection(ProjectConfigurationPlatforms) = postSolution
		{982DF7BA-DB3C-4EBE-ABDE-C7766C546E94}.Debug|Any CPU.ActiveCfg = Debug|Any CPU
		{982DF7BA-DB3C-4EBE-ABDE-C7766C546E94}.Debug|Any CPU.Build.0 = Debug|Any CPU
		{982DF7BA-DB3C-4EBE-ABDE-C7766C546E94}.Release|Any CPU.ActiveCfg = Release|Any CPU
		{982DF7BA-DB3C-4EBE-ABDE-C7766C546E94}.Release|Any CPU.Build.0 = Release|Any CPU
	EndGlobalSection
	GlobalSection(SolutionProperties) = preSolution
		HideSolutionNode = FALSE
	EndGlobalSection
	GlobalSection(ExtensibilityGlobals) = postSolution
		SolutionGuid = {023DF259-388D-47B3-97A7-2F3E571EAA4C}
	EndGlobalSection
EndGlobal
